{
  "name": "example",
  "version": "1.0.0",
  "lockfileVersion": 1,
  "requires": true,
  "dependencies": {
    "fetch_json": {
      "version": "1.0.5",
      "resolved": "https://registry.npmjs.org/fetch_json/-/fetch_json-1.0.5.tgz",
      "integrity": "sha512-tU37+ApWQDtT8pynvQWN6CHg6uqJYV1/ZiWyaCGtJ27R+GHwiMVyUzPWLtjot9cb1WWX0c9PXDHHLOvvgXzf1g=="
    },
    "jquery": {
      "version": "3.2.1",
      "resolved": "https://registry.npmjs.org/jquery/-/jquery-3.2.1.tgz",
      "integrity": "sha1-XE2d5lKvbNCncBVKYxu6ErAVx4c="
    }
  }
}
